
Microsoft Visual Studio Solution File, Format Version 12.00
# Visual Studio Version 17
VisualStudioVersion = 17.3.32825.248
MinimumVisualStudioVersion = 10.0.40219.1
Project("{FAE04EC0-301F-11D3-BF4B-00C04F79EFBC}") = "Week13QLiteDB", "Week13QLiteDB\Week13QLiteDB.csproj", "{02B36402-A40A-4FC5-AE5E-17ED8F8D4E45}"
EndProject
Global
	GlobalSection(SolutionConfigurationPlatforms) = preSolution
		Debug|Any CPU = Debug|Any CPU
		Release|Any CPU = Release|Any CPU
	EndGlobalSection
	GlobalSection(ProjectConfigurationPlatforms) = postSolution
		{02B36402-A40A-4FC5-AE5E-17ED8F8D4E45}.Debug|Any CPU.ActiveCfg = Debug|Any CPU
		{02B36402-A40A-4FC5-AE5E-17ED8F8D4E45}.Debug|Any CPU.Build.0 = Debug|Any CPU
		{02B36402-A40A-4FC5-AE5E-17ED8F8D4E45}.Release|Any CPU.ActiveCfg = Release|Any CPU
		{02B36402-A40A-4FC5-AE5E-17ED8F8D4E45}.Release|Any CPU.Build.0 = Release|Any CPU
	EndGlobalSection
	GlobalSection(SolutionProperties) = preSolution
		HideSolutionNode = FALSE
	EndGlobalSection
	GlobalSection(ExtensibilityGlobals) = postSolution
		SolutionGuid = {EE8991C0-F0D9-4DA9-8926-8A49E75BE314}
	EndGlobalSection
EndGlobal
